{
    "name": "@sebastienrousseau/dotfiles",
    "version": "0.2.445",
    "lockfileVersion": 2,
    "requires": true,
    "packages": {
        "": {
            "name": "@sebastienrousseau/dotfiles",
            "version": "0.2.445",
            "license": "MIT",
            "devDependencies": {}
        }
    }
}
