lockfileVersion: 5.4

specifiers:
  npm: ^8.19.2
  pnpm: ^7.12.2
  yarn: ^1.22.19

devDependencies:
  npm: 8.19.2
  pnpm: 7.12.2
  yarn: 1.22.19

packages:

  /npm/8.19.2:
    resolution: {integrity: sha512-MWkISVv5f7iZbfNkry5/5YBqSYJEDAKSJdL+uzSQuyLg+hgLQUyZynu3SH6bOZlvR9ZvJYk2EiJO6B1r+ynwHg==}
    engines: {node: ^12.13.0 || ^14.15.0 || >=16}
    hasBin: true
    dev: true
    bundledDependencies:
      - '@isaacs/string-locale-compare'
      - '@npmcli/arborist'
      - '@npmcli/ci-detect'
      - '@npmcli/config'
      - '@npmcli/fs'
      - '@npmcli/map-workspaces'
      - '@npmcli/package-json'
      - '@npmcli/promise-spawn'
      - '@npmcli/run-script'
      - abbrev
      - archy
      - cacache
      - chalk
      - chownr
      - cli-columns
      - cli-table3
      - columnify
      - fastest-levenshtein
      - fs-minipass
      - glob
      - graceful-fs
      - hosted-git-info
      - ini
      - init-package-json
      - is-cidr
      - json-parse-even-better-errors
      - libnpmaccess
      - libnpmdiff
      - libnpmexec
      - libnpmfund
      - libnpmhook
      - libnpmorg
      - libnpmpack
      - libnpmpublish
      - libnpmsearch
      - libnpmteam
      - libnpmversion
      - make-fetch-happen
      - minimatch
      - minipass
      - minipass-pipeline
      - mkdirp
      - mkdirp-infer-owner
      - ms
      - node-gyp
      - nopt
      - npm-audit-report
      - npm-install-checks
      - npm-package-arg
      - npm-pick-manifest
      - npm-profile
      - npm-registry-fetch
      - npm-user-validate
      - npmlog
      - opener
      - p-map
      - pacote
      - parse-conflict-json
      - proc-log
      - qrcode-terminal
      - read
      - read-package-json
      - read-package-json-fast
      - readdir-scoped-modules
      - rimraf
      - semver
      - ssri
      - tar
      - text-table
      - tiny-relative-date
      - treeverse
      - validate-npm-package-name
      - which
      - write-file-atomic

  /pnpm/7.12.2:
    resolution: {integrity: sha512-8QvnKANKN+YZXDmVYGI7zRJysdKldZI+w3AYnxu9IwtnLv1x6WuzrJr0nxMcTeuUAT908RjDqK+/6KJB9wNqxA==}
    engines: {node: '>=14.6'}
    hasBin: true
    dev: true

  /yarn/1.22.19:
    resolution: {integrity: sha512-/0V5q0WbslqnwP91tirOvldvYISzaqhClxzyUKXYxs07yUILIs5jx/k6CFe8bvKSkds5w+eiOqta39Wk3WxdcQ==}
    engines: {node: '>=4.0.0'}
    hasBin: true
    requiresBuild: true
    dev: true
