github.com/AdaLogics/go-fuzz-headers v0.0.0-20230811130428-ced1acdcaa24 h1:bvDV9vkmnHYOMsOr4WLk+Vo07yKIzd94sVoIqshQ4bU=
github.com/AdaLogics/go-fuzz-headers v0.0.0-20230811130428-ced1acdcaa24/go.mod h1:8o94RPi1/7XTJvwPpRSzSUedZrtlirdB3r9Z20bi2f8=
github.com/AdamKorcz/go-118-fuzz-build v0.0.0-20250520111509-a70c2aa677fa h1:x6kFzdPgBoLbyoNkA/jny0ENpoEz4wqY8lPTQL2DPkg=
github.com/AdamKorcz/go-118-fuzz-build v0.0.0-20250520111509-a70c2aa677fa/go.mod h1:gCLVsLfv1egrcZu+GoJATN5ts75F2s62ih/457eWzOw=
